// !$*UTF8*$!
{
	archiveVersion = 1;
	classes = {
	};
	objectVersion = 56;
	objects = {

/* Begin PBXBuildFile section */
		E1282EEB29D19A2E00A03677 /* taskman.json in Resources */ = {isa = PBXBuildFile; fileRef = E1282EEA29D19A2E00A03677 /* taskman.json */; };
		E1282EED29D19BCC00A03677 /* EmptyStateTableViewCell.swift in Sources */ = {isa = PBXBuildFile; fileRef = E1282EEC29D19BCC00A03677 /* EmptyStateTableViewCell.swift */; };
		E1282EEF29D1A0C900A03677 /* EmptyStateView.swift in Sources */ = {isa = PBXBuildFile; fileRef = E1282EEE29D1A0C900A03677 /* EmptyStateView.swift */; };
		E1282EF129D1A0E700A03677 /* EmptyStateView.xib in Resources */ = {isa = PBXBuildFile; fileRef = E1282EF029D1A0E700A03677 /* EmptyStateView.xib */; };
		E129713729BB359D00BBC8ED /* AddTaskViewController.swift in Sources */ = {isa = PBXBuildFile; fileRef = E129713629BB359D00BBC8ED /* AddTaskViewController.swift */; };
		E129713F29BF21CA00BBC8ED /* CategoriesModel.swift in Sources */ = {isa = PBXBuildFile; fileRef = E129713E29BF21CA00BBC8ED /* CategoriesModel.swift */; };
		E179296829C4635A00DDDACA /* TaskDetailViewController.swift in Sources */ = {isa = PBXBuildFile; fileRef = E179296729C4635A00DDDACA /* TaskDetailViewController.swift */; };
		E1A470C829CF08EC00FCDFDA /* Lottie in Frameworks */ = {isa = PBXBuildFile; productRef = E1A470C729CF08EC00FCDFDA /* Lottie */; };
		E1DB7ECA29A4CFEA009B7F08 /* AppDelegate.swift in Sources */ = {isa = PBXBuildFile; fileRef = E1DB7EC929A4CFEA009B7F08 /* AppDelegate.swift */; };
		E1DB7ECC29A4CFEA009B7F08 /* SceneDelegate.swift in Sources */ = {isa = PBXBuildFile; fileRef = E1DB7ECB29A4CFEA009B7F08 /* SceneDelegate.swift */; };
		E1DB7ECE29A4CFEA009B7F08 /* ViewController.swift in Sources */ = {isa = PBXBuildFile; fileRef = E1DB7ECD29A4CFEA009B7F08 /* ViewController.swift */; };
		E1DB7ED129A4CFEA009B7F08 /* Main.storyboard in Resources */ = {isa = PBXBuildFile; fileRef = E1DB7ECF29A4CFEA009B7F08 /* Main.storyboard */; };
		E1DB7ED329A4D010009B7F08 /* Assets.xcassets in Resources */ = {isa = PBXBuildFile; fileRef = E1DB7ED229A4D010009B7F08 /* Assets.xcassets */; };
		E1DB7ED629A4D011009B7F08 /* LaunchScreen.storyboard in Resources */ = {isa = PBXBuildFile; fileRef = E1DB7ED429A4D011009B7F08 /* LaunchScreen.storyboard */; };
		E1DB7EDE29A4D65E009B7F08 /* TaskTableViewCell.swift in Sources */ = {isa = PBXBuildFile; fileRef = E1DB7EDD29A4D65E009B7F08 /* TaskTableViewCell.swift */; };
/* End PBXBuildFile section */

/* Begin PBXFileReference section */
		E1282EEA29D19A2E00A03677 /* taskman.json */ = {isa = PBXFileReference; fileEncoding = 4; lastKnownFileType = text.json; path = taskman.json; sourceTree = "<group>"; };
		E1282EEC29D19BCC00A03677 /* EmptyStateTableViewCell.swift */ = {isa = PBXFileReference; lastKnownFileType = sourcecode.swift; path = EmptyStateTableViewCell.swift; sourceTree = "<group>"; };
		E1282EEE29D1A0C900A03677 /* EmptyStateView.swift */ = {isa = PBXFileReference; lastKnownFileType = sourcecode.swift; path = EmptyStateView.swift; sourceTree = "<group>"; };
		E1282EF029D1A0E700A03677 /* EmptyStateView.xib */ = {isa = PBXFileReference; lastKnownFileType = file.xib; path = EmptyStateView.xib; sourceTree = "<group>"; };
		E129713629BB359D00BBC8ED /* AddTaskViewController.swift */ = {isa = PBXFileReference; lastKnownFileType = sourcecode.swift; path = AddTaskViewController.swift; sourceTree = "<group>"; };
		E129713E29BF21CA00BBC8ED /* CategoriesModel.swift */ = {isa = PBXFileReference; lastKnownFileType = sourcecode.swift; path = CategoriesModel.swift; sourceTree = "<group>"; };
		E179296729C4635A00DDDACA /* TaskDetailViewController.swift */ = {isa = PBXFileReference; lastKnownFileType = sourcecode.swift; path = TaskDetailViewController.swift; sourceTree = "<group>"; };
		E1DB7EC629A4CFEA009B7F08 /* ToDoListAppNew.app */ = {isa = PBXFileReference; explicitFileType = wrapper.application; includeInIndex = 0; path = ToDoListAppNew.app; sourceTree = BUILT_PRODUCTS_DIR; };
		E1DB7EC929A4CFEA009B7F08 /* AppDelegate.swift */ = {isa = PBXFileReference; lastKnownFileType = sourcecode.swift; path = AppDelegate.swift; sourceTree = "<group>"; };
		E1DB7ECB29A4CFEA009B7F08 /* SceneDelegate.swift */ = {isa = PBXFileReference; lastKnownFileType = sourcecode.swift; path = SceneDelegate.swift; sourceTree = "<group>"; };
		E1DB7ECD29A4CFEA009B7F08 /* ViewController.swift */ = {isa = PBXFileReference; lastKnownFileType = sourcecode.swift; path = ViewController.swift; sourceTree = "<group>"; };
		E1DB7ED029A4CFEA009B7F08 /* Base */ = {isa = PBXFileReference; lastKnownFileType = file.storyboard; name = Base; path = Base.lproj/Main.storyboard; sourceTree = "<group>"; };
		E1DB7ED229A4D010009B7F08 /* Assets.xcassets */ = {isa = PBXFileReference; lastKnownFileType = folder.assetcatalog; path = Assets.xcassets; sourceTree = "<group>"; };
		E1DB7ED529A4D011009B7F08 /* Base */ = {isa = PBXFileReference; lastKnownFileType = file.storyboard; name = Base; path = Base.lproj/LaunchScreen.storyboard; sourceTree = "<group>"; };
		E1DB7ED729A4D011009B7F08 /* Info.plist */ = {isa = PBXFileReference; lastKnownFileType = text.plist.xml; path = Info.plist; sourceTree = "<group>"; };
		E1DB7EDD29A4D65E009B7F08 /* TaskTableViewCell.swift */ = {isa = PBXFileReference; lastKnownFileType = sourcecode.swift; path = TaskTableViewCell.swift; sourceTree = "<group>"; };
/* End PBXFileReference section */

/* Begin PBXFrameworksBuildPhase section */
		E1DB7EC329A4CFEA009B7F08 /* Frameworks */ = {
			isa = PBXFrameworksBuildPhase;
			buildActionMask = 2147483647;
			files = (
				E1A470C829CF08EC00FCDFDA /* Lottie in Frameworks */,
			);
			runOnlyForDeploymentPostprocessing = 0;
		};
/* End PBXFrameworksBuildPhase section */

/* Begin PBXGroup section */
		E1282EE829D19A0B00A03677 /* Resources */ = {
			isa = PBXGroup;
			children = (
				E1282EE929D19A1A00A03677 /* Lottie */,
			);
			path = Resources;
			sourceTree = "<group>";
		};
		E1282EE929D19A1A00A03677 /* Lottie */ = {
			isa = PBXGroup;
			children = (
				E1282EEA29D19A2E00A03677 /* taskman.json */,
			);
			path = Lottie;
			sourceTree = "<group>";
		};
		E1DB7EBD29A4CFEA009B7F08 = {
			isa = PBXGroup;
			children = (
				E1DB7EC829A4CFEA009B7F08 /* ToDoListAppNew */,
				E1DB7EC729A4CFEA009B7F08 /* Products */,
			);
			sourceTree = "<group>";
		};
		E1DB7EC729A4CFEA009B7F08 /* Products */ = {
			isa = PBXGroup;
			children = (
				E1DB7EC629A4CFEA009B7F08 /* ToDoListAppNew.app */,
			);
			name = Products;
			sourceTree = "<group>";
		};
		E1DB7EC829A4CFEA009B7F08 /* ToDoListAppNew */ = {
			isa = PBXGroup;
			children = (
				E1282EE829D19A0B00A03677 /* Resources */,
				E1DB7EC929A4CFEA009B7F08 /* AppDelegate.swift */,
				E1DB7ECB29A4CFEA009B7F08 /* SceneDelegate.swift */,
				E1DB7ECD29A4CFEA009B7F08 /* ViewController.swift */,
				E1DB7EDD29A4D65E009B7F08 /* TaskTableViewCell.swift */,
				E129713629BB359D00BBC8ED /* AddTaskViewController.swift */,
				E129713E29BF21CA00BBC8ED /* CategoriesModel.swift */,
				E179296729C4635A00DDDACA /* TaskDetailViewController.swift */,
				E1282EEC29D19BCC00A03677 /* EmptyStateTableViewCell.swift */,
				E1282EF029D1A0E700A03677 /* EmptyStateView.xib */,
				E1282EEE29D1A0C900A03677 /* EmptyStateView.swift */,
				E1DB7ECF29A4CFEA009B7F08 /* Main.storyboard */,
				E1DB7ED229A4D010009B7F08 /* Assets.xcassets */,
				E1DB7ED429A4D011009B7F08 /* LaunchScreen.storyboard */,
				E1DB7ED729A4D011009B7F08 /* Info.plist */,
			);
			path = ToDoListAppNew;
			sourceTree = "<group>";
		};
/* End PBXGroup section */

/* Begin PBXNativeTarget section */
		E1DB7EC529A4CFEA009B7F08 /* ToDoListAppNew */ = {
			isa = PBXNativeTarget;
			buildConfigurationList = E1DB7EDA29A4D011009B7F08 /* Build configuration list for PBXNativeTarget "ToDoListAppNew" */;
			buildPhases = (
				E1DB7EC229A4CFEA009B7F08 /* Sources */,
				E1DB7EC329A4CFEA009B7F08 /* Frameworks */,
				E1DB7EC429A4CFEA009B7F08 /* Resources */,
			);
			buildRules = (
			);
			dependencies = (
			);
			name = ToDoListAppNew;
			packageProductDependencies = (
				E1A470C729CF08EC00FCDFDA /* Lottie */,
			);
			productName = ToDoListAppNew;
			productReference = E1DB7EC629A4CFEA009B7F08 /* ToDoListAppNew.app */;
			productType = "com.apple.product-type.application";
		};
/* End PBXNativeTarget section */

/* Begin PBXProject section */
		E1DB7EBE29A4CFEA009B7F08 /* Project object */ = {
			isa = PBXProject;
			attributes = {
				BuildIndependentTargetsInParallel = 1;
				LastSwiftUpdateCheck = 1420;
				LastUpgradeCheck = 1420;
				TargetAttributes = {
					E1DB7EC529A4CFEA009B7F08 = {
						CreatedOnToolsVersion = 14.2;
					};
				};
			};
			buildConfigurationList = E1DB7EC129A4CFEA009B7F08 /* Build configuration list for PBXProject "ToDoListAppNew" */;
			compatibilityVersion = "Xcode 14.0";
			developmentRegion = en;
			hasScannedForEncodings = 0;
			knownRegions = (
				en,
				Base,
			);
			mainGroup = E1DB7EBD29A4CFEA009B7F08;
			packageReferences = (
				E1A470C629CF08EC00FCDFDA /* XCRemoteSwiftPackageReference "lottie-ios" */,
			);
			productRefGroup = E1DB7EC729A4CFEA009B7F08 /* Products */;
			projectDirPath = "";
			projectRoot = "";
			targets = (
				E1DB7EC529A4CFEA009B7F08 /* ToDoListAppNew */,
			);
		};
/* End PBXProject section */

/* Begin PBXResourcesBuildPhase section */
		E1DB7EC429A4CFEA009B7F08 /* Resources */ = {
			isa = PBXResourcesBuildPhase;
			buildActionMask = 2147483647;
			files = (
				E1DB7ED629A4D011009B7F08 /* LaunchScreen.storyboard in Resources */,
				E1282EF129D1A0E700A03677 /* EmptyStateView.xib in Resources */,
				E1DB7ED329A4D010009B7F08 /* Assets.xcassets in Resources */,
				E1DB7ED129A4CFEA009B7F08 /* Main.storyboard in Resources */,
				E1282EEB29D19A2E00A03677 /* taskman.json in Resources */,
			);
			runOnlyForDeploymentPostprocessing = 0;
		};
/* End PBXResourcesBuildPhase section */

/* Begin PBXSourcesBuildPhase section */
		E1DB7EC229A4CFEA009B7F08 /* Sources */ = {
			isa = PBXSourcesBuildPhase;
			buildActionMask = 2147483647;
			files = (
				E1282EEF29D1A0C900A03677 /* EmptyStateView.swift in Sources */,
				E179296829C4635A00DDDACA /* TaskDetailViewController.swift in Sources */,
				E1DB7EDE29A4D65E009B7F08 /* TaskTableViewCell.swift in Sources */,
				E1DB7ECE29A4CFEA009B7F08 /* ViewController.swift in Sources */,
				E1282EED29D19BCC00A03677 /* EmptyStateTableViewCell.swift in Sources */,
				E1DB7ECA29A4CFEA009B7F08 /* AppDelegate.swift in Sources */,
				E129713F29BF21CA00BBC8ED /* CategoriesModel.swift in Sources */,
				E1DB7ECC29A4CFEA009B7F08 /* SceneDelegate.swift in Sources */,
				E129713729BB359D00BBC8ED /* AddTaskViewController.swift in Sources */,
			);
			runOnlyForDeploymentPostprocessing = 0;
		};
/* End PBXSourcesBuildPhase section */

/* Begin PBXVariantGroup section */
		E1DB7ECF29A4CFEA009B7F08 /* Main.storyboard */ = {
			isa = PBXVariantGroup;
			children = (
				E1DB7ED029A4CFEA009B7F08 /* Base */,
			);
			name = Main.storyboard;
			sourceTree = "<group>";
		};
		E1DB7ED429A4D011009B7F08 /* LaunchScreen.storyboard */ = {
			isa = PBXVariantGroup;
			children = (
				E1DB7ED529A4D011009B7F08 /* Base */,
			);
			name = LaunchScreen.storyboard;
			sourceTree = "<group>";
		};
/* End PBXVariantGroup section */

/* Begin XCBuildConfiguration section */
		E1DB7ED829A4D011009B7F08 /* Debug */ = {
			isa = XCBuildConfiguration;
			buildSettings = {
				ALWAYS_SEARCH_USER_PATHS = NO;
				CLANG_ANALYZER_NONNULL = YES;
				CLANG_ANALYZER_NUMBER_OBJECT_CONVERSION = YES_AGGRESSIVE;
				CLANG_CXX_LANGUAGE_STANDARD = "gnu++20";
				CLANG_ENABLE_MODULES = YES;
				CLANG_ENABLE_OBJC_ARC = YES;
				CLANG_ENABLE_OBJC_WEAK = YES;
				CLANG_WARN_BLOCK_CAPTURE_AUTORELEASING = YES;
				CLANG_WARN_BOOL_CONVERSION = YES;
				CLANG_WARN_COMMA = YES;
				CLANG_WARN_CONSTANT_CONVERSION = YES;
				CLANG_WARN_DEPRECATED_OBJC_IMPLEMENTATIONS = YES;
				CLANG_WARN_DIRECT_OBJC_ISA_USAGE = YES_ERROR;
				CLANG_WARN_DOCUMENTATION_COMMENTS = YES;
				CLANG_WARN_EMPTY_BODY = YES;
				CLANG_WARN_ENUM_CONVERSION = YES;
				CLANG_WARN_INFINITE_RECURSION = YES;
				CLANG_WARN_INT_CONVERSION = YES;
				CLANG_WARN_NON_LITERAL_NULL_CONVERSION = YES;
				CLANG_WARN_OBJC_IMPLICIT_RETAIN_SELF = YES;
				CLANG_WARN_OBJC_LITERAL_CONVERSION = YES;
				CLANG_WARN_OBJC_ROOT_CLASS = YES_ERROR;
				CLANG_WARN_QUOTED_INCLUDE_IN_FRAMEWORK_HEADER = YES;
				CLANG_WARN_RANGE_LOOP_ANALYSIS = YES;
				CLANG_WARN_STRICT_PROTOTYPES = YES;
				CLANG_WARN_SUSPICIOUS_MOVE = YES;
				CLANG_WARN_UNGUARDED_AVAILABILITY = YES_AGGRESSIVE;
				CLANG_WARN_UNREACHABLE_CODE = YES;
				CLANG_WARN__DUPLICATE_METHOD_MATCH = YES;
				COPY_PHASE_STRIP = NO;
				DEBUG_INFORMATION_FORMAT = dwarf;
				ENABLE_STRICT_OBJC_MSGSEND = YES;
				ENABLE_TESTABILITY = YES;
				GCC_C_LANGUAGE_STANDARD = gnu11;
				GCC_DYNAMIC_NO_PIC = NO;
				GCC_NO_COMMON_BLOCKS = YES;
				GCC_OPTIMIZATION_LEVEL = 0;
				GCC_PREPROCESSOR_DEFINITIONS = (
					"DEBUG=1",
					"$(inherited)",
				);
				GCC_WARN_64_TO_32_BIT_CONVERSION = YES;
				GCC_WARN_ABOUT_RETURN_TYPE = YES_ERROR;
				GCC_WARN_UNDECLARED_SELECTOR = YES;
				GCC_WARN_UNINITIALIZED_AUTOS = YES_AGGRESSIVE;
				GCC_WARN_UNUSED_FUNCTION = YES;
				GCC_WARN_UNUSED_VARIABLE = YES;
				IPHONEOS_DEPLOYMENT_TARGET = 16.2;
				MTL_ENABLE_DEBUG_INFO = INCLUDE_SOURCE;
				MTL_FAST_MATH = YES;
				ONLY_ACTIVE_ARCH = YES;
				SDKROOT = iphoneos;
				SWIFT_ACTIVE_COMPILATION_CONDITIONS = DEBUG;
				SWIFT_OPTIMIZATION_LEVEL = "-Onone";
			};
			name = Debug;
		};
		E1DB7ED929A4D011009B7F08 /* Release */ = {
			isa = XCBuildConfiguration;
			buildSettings = {
				ALWAYS_SEARCH_USER_PATHS = NO;
				CLANG_ANALYZER_NONNULL = YES;
				CLANG_ANALYZER_NUMBER_OBJECT_CONVERSION = YES_AGGRESSIVE;
				CLANG_CXX_LANGUAGE_STANDARD = "gnu++20";
				CLANG_ENABLE_MODULES = YES;
				CLANG_ENABLE_OBJC_ARC = YES;
				CLANG_ENABLE_OBJC_WEAK = YES;
				CLANG_WARN_BLOCK_CAPTURE_AUTORELEASING = YES;
				CLANG_WARN_BOOL_CONVERSION = YES;
				CLANG_WARN_COMMA = YES;
				CLANG_WARN_CONSTANT_CONVERSION = YES;
				CLANG_WARN_DEPRECATED_OBJC_IMPLEMENTATIONS = YES;
				CLANG_WARN_DIRECT_OBJC_ISA_USAGE = YES_ERROR;
				CLANG_WARN_DOCUMENTATION_COMMENTS = YES;
				CLANG_WARN_EMPTY_BODY = YES;
				CLANG_WARN_ENUM_CONVERSION = YES;
				CLANG_WARN_INFINITE_RECURSION = YES;
				CLANG_WARN_INT_CONVERSION = YES;
				CLANG_WARN_NON_LITERAL_NULL_CONVERSION = YES;
				CLANG_WARN_OBJC_IMPLICIT_RETAIN_SELF = YES;
				CLANG_WARN_OBJC_LITERAL_CONVERSION = YES;
				CLANG_WARN_OBJC_ROOT_CLASS = YES_ERROR;
				CLANG_WARN_QUOTED_INCLUDE_IN_FRAMEWORK_HEADER = YES;
				CLANG_WARN_RANGE_LOOP_ANALYSIS = YES;
				CLANG_WARN_STRICT_PROTOTYPES = YES;
				CLANG_WARN_SUSPICIOUS_MOVE = YES;
				CLANG_WARN_UNGUARDED_AVAILABILITY = YES_AGGRESSIVE;
				CLANG_WARN_UNREACHABLE_CODE = YES;
				CLANG_WARN__DUPLICATE_METHOD_MATCH = YES;
				COPY_PHASE_STRIP = NO;
				DEBUG_INFORMATION_FORMAT = "dwarf-with-dsym";
				ENABLE_NS_ASSERTIONS = NO;
				ENABLE_STRICT_OBJC_MSGSEND = YES;
				GCC_C_LANGUAGE_STANDARD = gnu11;
				GCC_NO_COMMON_BLOCKS = YES;
				GCC_WARN_64_TO_32_BIT_CONVERSION = YES;
				GCC_WARN_ABOUT_RETURN_TYPE = YES_ERROR;
				GCC_WARN_UNDECLARED_SELECTOR = YES;
				GCC_WARN_UNINITIALIZED_AUTOS = YES_AGGRESSIVE;
				GCC_WARN_UNUSED_FUNCTION = YES;
				GCC_WARN_UNUSED_VARIABLE = YES;
				IPHONEOS_DEPLOYMENT_TARGET = 16.2;
				MTL_ENABLE_DEBUG_INFO = NO;
				MTL_FAST_MATH = YES;
				SDKROOT = iphoneos;
				SWIFT_COMPILATION_MODE = wholemodule;
				SWIFT_OPTIMIZATION_LEVEL = "-O";
				VALIDATE_PRODUCT = YES;
			};
			name = Release;
		};
		E1DB7EDB29A4D011009B7F08 /* Debug */ = {
			isa = XCBuildConfiguration;
			buildSettings = {
				ASSETCATALOG_COMPILER_APPICON_NAME = AppIcon;
				ASSETCATALOG_COMPILER_GLOBAL_ACCENT_COLOR_NAME = AccentColor;
				CODE_SIGN_STYLE = Automatic;
				CURRENT_PROJECT_VERSION = 1;
				GENERATE_INFOPLIST_FILE = YES;
				INFOPLIST_FILE = ToDoListAppNew/Info.plist;
				INFOPLIST_KEY_UIApplicationSupportsIndirectInputEvents = YES;
				INFOPLIST_KEY_UILaunchStoryboardName = LaunchScreen;
				INFOPLIST_KEY_UIMainStoryboardFile = Main;
				INFOPLIST_KEY_UISupportedInterfaceOrientations_iPad = "UIInterfaceOrientationPortrait UIInterfaceOrientationPortraitUpsideDown UIInterfaceOrientationLandscapeLeft UIInterfaceOrientationLandscapeRight";
				INFOPLIST_KEY_UISupportedInterfaceOrientations_iPhone = "UIInterfaceOrientationPortrait UIInterfaceOrientationLandscapeLeft UIInterfaceOrientationLandscapeRight";
				LD_RUNPATH_SEARCH_PATHS = (
					"$(inherited)",
					"@executable_path/Frameworks",
				);
				MARKETING_VERSION = 1.0;
				PRODUCT_BUNDLE_IDENTIFIER = com.fullstacktuts.ToDoListAppNew;
				PRODUCT_NAME = "$(TARGET_NAME)";
				SWIFT_EMIT_LOC_STRINGS = YES;
				SWIFT_VERSION = 5.0;
				TARGETED_DEVICE_FAMILY = "1,2";
			};
			name = Debug;
		};
		E1DB7EDC29A4D011009B7F08 /* Release */ = {
			isa = XCBuildConfiguration;
			buildSettings = {
				ASSETCATALOG_COMPILER_APPICON_NAME = AppIcon;
				ASSETCATALOG_COMPILER_GLOBAL_ACCENT_COLOR_NAME = AccentColor;
				CODE_SIGN_STYLE = Automatic;
				CURRENT_PROJECT_VERSION = 1;
				GENERATE_INFOPLIST_FILE = YES;
				INFOPLIST_FILE = ToDoListAppNew/Info.plist;
				INFOPLIST_KEY_UIApplicationSupportsIndirectInputEvents = YES;
				INFOPLIST_KEY_UILaunchStoryboardName = LaunchScreen;
				INFOPLIST_KEY_UIMainStoryboardFile = Main;
				INFOPLIST_KEY_UISupportedInterfaceOrientations_iPad = "UIInterfaceOrientationPortrait UIInterfaceOrientationPortraitUpsideDown UIInterfaceOrientationLandscapeLeft UIInterfaceOrientationLandscapeRight";
				INFOPLIST_KEY_UISupportedInterfaceOrientations_iPhone = "UIInterfaceOrientationPortrait UIInterfaceOrientationLandscapeLeft UIInterfaceOrientationLandscapeRight";
				LD_RUNPATH_SEARCH_PATHS = (
					"$(inherited)",
					"@executable_path/Frameworks",
				);
				MARKETING_VERSION = 1.0;
				PRODUCT_BUNDLE_IDENTIFIER = com.fullstacktuts.ToDoListAppNew;
				PRODUCT_NAME = "$(TARGET_NAME)";
				SWIFT_EMIT_LOC_STRINGS = YES;
				SWIFT_VERSION = 5.0;
				TARGETED_DEVICE_FAMILY = "1,2";
			};
			name = Release;
		};
/* End XCBuildConfiguration section */

/* Begin XCConfigurationList section */
		E1DB7EC129A4CFEA009B7F08 /* Build configuration list for PBXProject "ToDoListAppNew" */ = {
			isa = XCConfigurationList;
			buildConfigurations = (
				E1DB7ED829A4D011009B7F08 /* Debug */,
				E1DB7ED929A4D011009B7F08 /* Release */,
			);
			defaultConfigurationIsVisible = 0;
			defaultConfigurationName = Release;
		};
		E1DB7EDA29A4D011009B7F08 /* Build configuration list for PBXNativeTarget "ToDoListAppNew" */ = {
			isa = XCConfigurationList;
			buildConfigurations = (
				E1DB7EDB29A4D011009B7F08 /* Debug */,
				E1DB7EDC29A4D011009B7F08 /* Release */,
			);
			defaultConfigurationIsVisible = 0;
			defaultConfigurationName = Release;
		};
/* End XCConfigurationList section */

/* Begin XCRemoteSwiftPackageReference section */
		E1A470C629CF08EC00FCDFDA /* XCRemoteSwiftPackageReference "lottie-ios" */ = {
			isa = XCRemoteSwiftPackageReference;
			repositoryURL = "https://github.com/airbnb/lottie-ios.git";
			requirement = {
				branch = master;
				kind = branch;
			};
		};
/* End XCRemoteSwiftPackageReference section */

/* Begin XCSwiftPackageProductDependency section */
		E1A470C729CF08EC00FCDFDA /* Lottie */ = {
			isa = XCSwiftPackageProductDependency;
			package = E1A470C629CF08EC00FCDFDA /* XCRemoteSwiftPackageReference "lottie-ios" */;
			productName = Lottie;
		};
/* End XCSwiftPackageProductDependency section */
	};
	rootObject = E1DB7EBE29A4CFEA009B7F08 /* Project object */;
}
